# THIS IS AN AUTOGENERATED FILE. DO NOT EDIT THIS FILE DIRECTLY.
# yarn lockfile v1


pi-camera-connect@^0.3.0:
  version "0.3.0"
  resolved "https://registry.yarnpkg.com/pi-camera-connect/-/pi-camera-connect-0.3.0.tgz#1f699d2482dd54d0658c2908c51b111ca063db42"
  integrity sha512-gOoiUlo0d7r4XvxI1YDMhyxZ2Bfs6hu1cN8/BxZNXLs4Tl5Fcz6oiRgCADXIe5qya2LdD8LUe1MbqCxLDzrkKQ==
  dependencies:
    systeminformation "4"

systeminformation@4:
  version "4.26.9"
  resolved "https://registry.yarnpkg.com/systeminformation/-/systeminformation-4.26.9.tgz#ecc725a162c0c7d8d48226f97637a5f590042ffd"
  integrity sha512-69MTIX9j//wnteJzQWuGL6FiMxlfS3wTWyhROI6pNUaQALYqJb3W9VtLVcEcKFOjO1vrGRgilJVFzJeRRi//Pg==
